
Microsoft Visual Studio Solution File, Format Version 12.00
# Visual Studio Version 17
VisualStudioVersion = 17.3.32929.385
MinimumVisualStudioVersion = 10.0.40219.1
Project("{9A19103F-16F7-4668-BE54-9A1E7A4F7556}") = "CoffeeShop.Intranet", "CoffeeShop.Intranet\CoffeeShop.Intranet.csproj", "{36E8F817-41DB-447B-8B3B-C7577C45C28F}"
EndProject
Project("{9A19103F-16F7-4668-BE54-9A1E7A4F7556}") = "CoffeeShop.Portal", "CoffeeShop.Portal\CoffeeShop.Portal.csproj", "{ACBCAE3A-13BB-4857-A538-EBE01C854298}"
EndProject
Project("{9A19103F-16F7-4668-BE54-9A1E7A4F7556}") = "CoffeeShop.Database", "CoffeeShop.Database\CoffeeShop.Database.csproj", "{DDF6EA7E-F128-4343-A227-DDD69D3CFE9F}"
EndProject
Global
	GlobalSection(SolutionConfigurationPlatforms) = preSolution
		Debug|Any CPU = Debug|Any CPU
		Release|Any CPU = Release|Any CPU
	EndGlobalSection
	GlobalSection(ProjectConfigurationPlatforms) = postSolution
		{36E8F817-41DB-447B-8B3B-C7577C45C28F}.Debug|Any CPU.ActiveCfg = Debug|Any CPU
		{36E8F817-41DB-447B-8B3B-C7577C45C28F}.Debug|Any CPU.Build.0 = Debug|Any CPU
		{36E8F817-41DB-447B-8B3B-C7577C45C28F}.Release|Any CPU.ActiveCfg = Release|Any CPU
		{36E8F817-41DB-447B-8B3B-C7577C45C28F}.Release|Any CPU.Build.0 = Release|Any CPU
		{ACBCAE3A-13BB-4857-A538-EBE01C854298}.Debug|Any CPU.ActiveCfg = Debug|Any CPU
		{ACBCAE3A-13BB-4857-A538-EBE01C854298}.Debug|Any CPU.Build.0 = Debug|Any CPU
		{ACBCAE3A-13BB-4857-A538-EBE01C854298}.Release|Any CPU.ActiveCfg = Release|Any CPU
		{ACBCAE3A-13BB-4857-A538-EBE01C854298}.Release|Any CPU.Build.0 = Release|Any CPU
		{DDF6EA7E-F128-4343-A227-DDD69D3CFE9F}.Debug|Any CPU.ActiveCfg = Debug|Any CPU
		{DDF6EA7E-F128-4343-A227-DDD69D3CFE9F}.Debug|Any CPU.Build.0 = Debug|Any CPU
		{DDF6EA7E-F128-4343-A227-DDD69D3CFE9F}.Release|Any CPU.ActiveCfg = Release|Any CPU
		{DDF6EA7E-F128-4343-A227-DDD69D3CFE9F}.Release|Any CPU.Build.0 = Release|Any CPU
	EndGlobalSection
	GlobalSection(SolutionProperties) = preSolution
		HideSolutionNode = FALSE
	EndGlobalSection
	GlobalSection(ExtensibilityGlobals) = postSolution
		SolutionGuid = {F03640C9-0050-473C-AEFF-B995091716EC}
	EndGlobalSection
EndGlobal
